
Microsoft Visual Studio Solution File, Format Version 12.00
# Visual Studio 2013
VisualStudioVersion = 12.0.21005.1
MinimumVisualStudioVersion = 10.0.40219.1
Project("{FAE04EC0-301F-11D3-BF4B-00C04F79EFBC}") = "RemotingTest", "RemotingTest\RemotingTest.csproj", "{B98F1B4C-B185-46B9-ADD5-43461CCA6358}"
EndProject
Project("{FAE04EC0-301F-11D3-BF4B-00C04F79EFBC}") = "RemotinServer", "RemotinServer\RemotinServer.csproj", "{143F0F21-131D-474A-9C5F-78F60D664970}"
EndProject
Project("{FAE04EC0-301F-11D3-BF4B-00C04F79EFBC}") = "RemotingEntity", "RemotingEntity\RemotingEntity.csproj", "{2BCC4817-B6D4-407D-84EB-2968A74D4D52}"
EndProject
Project("{FAE04EC0-301F-11D3-BF4B-00C04F79EFBC}") = "RemotingClient", "RemotingClient\RemotingClient.csproj", "{E976BCEA-3353-44B2-82CE-621E2497DD65}"
EndProject
Global
	GlobalSection(SolutionConfigurationPlatforms) = preSolution
		Debug|Any CPU = Debug|Any CPU
		Release|Any CPU = Release|Any CPU
	EndGlobalSection
	GlobalSection(ProjectConfigurationPlatforms) = postSolution
		{B98F1B4C-B185-46B9-ADD5-43461CCA6358}.Debug|Any CPU.ActiveCfg = Debug|Any CPU
		{B98F1B4C-B185-46B9-ADD5-43461CCA6358}.Debug|Any CPU.Build.0 = Debug|Any CPU
		{B98F1B4C-B185-46B9-ADD5-43461CCA6358}.Release|Any CPU.ActiveCfg = Release|Any CPU
		{B98F1B4C-B185-46B9-ADD5-43461CCA6358}.Release|Any CPU.Build.0 = Release|Any CPU
		{143F0F21-131D-474A-9C5F-78F60D664970}.Debug|Any CPU.ActiveCfg = Debug|Any CPU
		{143F0F21-131D-474A-9C5F-78F60D664970}.Debug|Any CPU.Build.0 = Debug|Any CPU
		{143F0F21-131D-474A-9C5F-78F60D664970}.Release|Any CPU.ActiveCfg = Release|Any CPU
		{143F0F21-131D-474A-9C5F-78F60D664970}.Release|Any CPU.Build.0 = Release|Any CPU
		{2BCC4817-B6D4-407D-84EB-2968A74D4D52}.Debug|Any CPU.ActiveCfg = Debug|Any CPU
		{2BCC4817-B6D4-407D-84EB-2968A74D4D52}.Debug|Any CPU.Build.0 = Debug|Any CPU
		{2BCC4817-B6D4-407D-84EB-2968A74D4D52}.Release|Any CPU.ActiveCfg = Release|Any CPU
		{2BCC4817-B6D4-407D-84EB-2968A74D4D52}.Release|Any CPU.Build.0 = Release|Any CPU
		{E976BCEA-3353-44B2-82CE-621E2497DD65}.Debug|Any CPU.ActiveCfg = Debug|Any CPU
		{E976BCEA-3353-44B2-82CE-621E2497DD65}.Debug|Any CPU.Build.0 = Debug|Any CPU
		{E976BCEA-3353-44B2-82CE-621E2497DD65}.Release|Any CPU.ActiveCfg = Release|Any CPU
		{E976BCEA-3353-44B2-82CE-621E2497DD65}.Release|Any CPU.Build.0 = Release|Any CPU
	EndGlobalSection
	GlobalSection(SolutionProperties) = preSolution
		HideSolutionNode = FALSE
	EndGlobalSection
EndGlobal
